
Microsoft Visual Studio Solution File, Format Version 12.00
# Visual Studio 15
VisualStudioVersion = 15.0.27428.2037
MinimumVisualStudioVersion = 10.0.40219.1
Project("{9092AA53-FB77-4645-B42D-1CCCA6BD08BD}") = "planTrainerServer", "planTrainerServer.njsproj", "{CA78C8AF-F43F-4DA5-AE16-EFBF041B490E}"
EndProject
Global
	GlobalSection(SolutionConfigurationPlatforms) = preSolution
		Debug|Any CPU = Debug|Any CPU
		Release|Any CPU = Release|Any CPU
	EndGlobalSection
	GlobalSection(ProjectConfigurationPlatforms) = postSolution
		{CA78C8AF-F43F-4DA5-AE16-EFBF041B490E}.Debug|Any CPU.ActiveCfg = Debug|Any CPU
		{CA78C8AF-F43F-4DA5-AE16-EFBF041B490E}.Debug|Any CPU.Build.0 = Debug|Any CPU
		{CA78C8AF-F43F-4DA5-AE16-EFBF041B490E}.Release|Any CPU.ActiveCfg = Release|Any CPU
		{CA78C8AF-F43F-4DA5-AE16-EFBF041B490E}.Release|Any CPU.Build.0 = Release|Any CPU
	EndGlobalSection
	GlobalSection(SolutionProperties) = preSolution
		HideSolutionNode = FALSE
	EndGlobalSection
	GlobalSection(ExtensibilityGlobals) = postSolution
		SolutionGuid = {9BE9193F-7C5F-40B3-808C-9E7252A29BEA}
	EndGlobalSection
EndGlobal
